
Microsoft Visual Studio Solution File, Format Version 12.00
# Visual Studio 15
VisualStudioVersion = 15.0.27703.2026
MinimumVisualStudioVersion = 10.0.40219.1
Project("{9A19103F-16F7-4668-BE54-9A1E7A4F7556}") = "AOP", "AOP\AOP.csproj", "{8CDB2C51-D3D5-4BF7-B558-B0772DBFBD70}"
EndProject
Project("{9A19103F-16F7-4668-BE54-9A1E7A4F7556}") = "Common", "Common\Common.csproj", "{C64271F6-B253-428E-A728-80FFA970EC1B}"
EndProject
Project("{2150E333-8FDC-42A3-9474-1A3956D46DE8}") = "dotNetFramework", "dotNetFramework", "{C892D39F-625C-4B11-B6B9-B2CE83997178}"
EndProject
Project("{FAE04EC0-301F-11D3-BF4B-00C04F79EFBC}") = "SysX", "dotNetFramework\SysX\SysX.csproj", "{9CE7C93B-5368-416B-BF14-ED237F813F14}"
EndProject
Project("{2150E333-8FDC-42A3-9474-1A3956D46DE8}") = "Examples", "Examples", "{3FCE05E5-DFFF-4D5A-A6BE-2036B7D0365F}"
EndProject
Project("{FAE04EC0-301F-11D3-BF4B-00C04F79EFBC}") = "WPF", "dotNetFramework\WPF\WPF.csproj", "{E91D5857-D99B-4825-BAE8-5CF06C706A3D}"
EndProject
Project("{9A19103F-16F7-4668-BE54-9A1E7A4F7556}") = "Network", "Network\Network.csproj", "{23795B42-1130-4326-A25F-F49D5E6550BE}"
EndProject
Project("{FAE04EC0-301F-11D3-BF4B-00C04F79EFBC}") = "Test", "Examples\Test\Test.csproj", "{6F06E7E7-F34C-4E09-B689-336E96DD9EAF}"
EndProject
Project("{FAE04EC0-301F-11D3-BF4B-00C04F79EFBC}") = "CmdRun", "Examples\CmdRun\CmdRun.csproj", "{A4D03F2F-AA13-413B-B064-EA68B3B6CE5E}"
EndProject
Project("{FAE04EC0-301F-11D3-BF4B-00C04F79EFBC}") = "AOP", "Examples\AOP\AOP.csproj", "{E7AC393B-F334-41B8-B734-83DF821FD623}"
EndProject
Project("{FAE04EC0-301F-11D3-BF4B-00C04F79EFBC}") = "Web", "Examples\Web\Web.csproj", "{82B06369-D0DE-45F1-837F-804230808F41}"
EndProject
Project("{FAE04EC0-301F-11D3-BF4B-00C04F79EFBC}") = "INotify", "Examples\INotify\INotify.csproj", "{1AA57433-294D-4618-A39C-14EDF1F7F136}"
EndProject
Project("{FAE04EC0-301F-11D3-BF4B-00C04F79EFBC}") = "PInvoke", "dotNetFramework\PInvoke\PInvoke.csproj", "{C6F66F18-D8AE-4005-B4A2-9FA05A953417}"
EndProject
Project("{2150E333-8FDC-42A3-9474-1A3956D46DE8}") = "PostSharpRelied", "PostSharpRelied", "{662E98C8-E86E-4BF1-B847-04DE2358697B}"
EndProject
Project("{9A19103F-16F7-4668-BE54-9A1E7A4F7556}") = "NotifyPropertyChanged", "PostSharpRelied\NotifyPropertyChanged\NotifyPropertyChanged.csproj", "{239B2CFB-E80C-4EBF-818D-7CA71973ADB9}"
EndProject
Project("{9A19103F-16F7-4668-BE54-9A1E7A4F7556}") = "PInvokeStruct", "dotNetFramework\PInvokeStruct\PInvokeStruct.csproj", "{7454E4B3-5D3D-4BC2-BA50-B3BB1A382099}"
EndProject
Project("{FAE04EC0-301F-11D3-BF4B-00C04F79EFBC}") = "XDebugger", "PostSharpRelied\XDebugger\XDebugger.csproj", "{4B016A86-6E5E-4B0C-9E4E-428E7FD650F8}"
EndProject
Global
	GlobalSection(SolutionConfigurationPlatforms) = preSolution
		Debug|Any CPU = Debug|Any CPU
		Debug|x64 = Debug|x64
		Debug|x86 = Debug|x86
		Release|Any CPU = Release|Any CPU
		Release|x64 = Release|x64
		Release|x86 = Release|x86
	EndGlobalSection
	GlobalSection(ProjectConfigurationPlatforms) = postSolution
		{8CDB2C51-D3D5-4BF7-B558-B0772DBFBD70}.Debug|Any CPU.ActiveCfg = Debug|Any CPU
		{8CDB2C51-D3D5-4BF7-B558-B0772DBFBD70}.Debug|Any CPU.Build.0 = Debug|Any CPU
		{8CDB2C51-D3D5-4BF7-B558-B0772DBFBD70}.Debug|x64.ActiveCfg = Debug|x64
		{8CDB2C51-D3D5-4BF7-B558-B0772DBFBD70}.Debug|x64.Build.0 = Debug|x64
		{8CDB2C51-D3D5-4BF7-B558-B0772DBFBD70}.Debug|x86.ActiveCfg = Debug|x86
		{8CDB2C51-D3D5-4BF7-B558-B0772DBFBD70}.Debug|x86.Build.0 = Debug|x86
		{8CDB2C51-D3D5-4BF7-B558-B0772DBFBD70}.Release|Any CPU.ActiveCfg = Release|Any CPU
		{8CDB2C51-D3D5-4BF7-B558-B0772DBFBD70}.Release|Any CPU.Build.0 = Release|Any CPU
		{8CDB2C51-D3D5-4BF7-B558-B0772DBFBD70}.Release|x64.ActiveCfg = Release|x64
		{8CDB2C51-D3D5-4BF7-B558-B0772DBFBD70}.Release|x64.Build.0 = Release|x64
		{8CDB2C51-D3D5-4BF7-B558-B0772DBFBD70}.Release|x86.ActiveCfg = Release|x86
		{8CDB2C51-D3D5-4BF7-B558-B0772DBFBD70}.Release|x86.Build.0 = Release|x86
		{C64271F6-B253-428E-A728-80FFA970EC1B}.Debug|Any CPU.ActiveCfg = Debug|Any CPU
		{C64271F6-B253-428E-A728-80FFA970EC1B}.Debug|Any CPU.Build.0 = Debug|Any CPU
		{C64271F6-B253-428E-A728-80FFA970EC1B}.Debug|x64.ActiveCfg = Debug|x64
		{C64271F6-B253-428E-A728-80FFA970EC1B}.Debug|x64.Build.0 = Debug|x64
		{C64271F6-B253-428E-A728-80FFA970EC1B}.Debug|x86.ActiveCfg = Debug|x86
		{C64271F6-B253-428E-A728-80FFA970EC1B}.Debug|x86.Build.0 = Debug|x86
		{C64271F6-B253-428E-A728-80FFA970EC1B}.Release|Any CPU.ActiveCfg = Release|Any CPU
		{C64271F6-B253-428E-A728-80FFA970EC1B}.Release|Any CPU.Build.0 = Release|Any CPU
		{C64271F6-B253-428E-A728-80FFA970EC1B}.Release|x64.ActiveCfg = Release|x64
		{C64271F6-B253-428E-A728-80FFA970EC1B}.Release|x64.Build.0 = Release|x64
		{C64271F6-B253-428E-A728-80FFA970EC1B}.Release|x86.ActiveCfg = Release|x86
		{C64271F6-B253-428E-A728-80FFA970EC1B}.Release|x86.Build.0 = Release|x86
		{9CE7C93B-5368-416B-BF14-ED237F813F14}.Debug|Any CPU.ActiveCfg = Debug|Any CPU
		{9CE7C93B-5368-416B-BF14-ED237F813F14}.Debug|Any CPU.Build.0 = Debug|Any CPU
		{9CE7C93B-5368-416B-BF14-ED237F813F14}.Debug|x64.ActiveCfg = Debug|x64
		{9CE7C93B-5368-416B-BF14-ED237F813F14}.Debug|x64.Build.0 = Debug|x64
		{9CE7C93B-5368-416B-BF14-ED237F813F14}.Debug|x86.ActiveCfg = Debug|x86
		{9CE7C93B-5368-416B-BF14-ED237F813F14}.Debug|x86.Build.0 = Debug|x86
		{9CE7C93B-5368-416B-BF14-ED237F813F14}.Release|Any CPU.ActiveCfg = Release|Any CPU
		{9CE7C93B-5368-416B-BF14-ED237F813F14}.Release|Any CPU.Build.0 = Release|Any CPU
		{9CE7C93B-5368-416B-BF14-ED237F813F14}.Release|x64.ActiveCfg = Release|x64
		{9CE7C93B-5368-416B-BF14-ED237F813F14}.Release|x64.Build.0 = Release|x64
		{9CE7C93B-5368-416B-BF14-ED237F813F14}.Release|x86.ActiveCfg = Release|x86
		{9CE7C93B-5368-416B-BF14-ED237F813F14}.Release|x86.Build.0 = Release|x86
		{E91D5857-D99B-4825-BAE8-5CF06C706A3D}.Debug|Any CPU.ActiveCfg = Debug|Any CPU
		{E91D5857-D99B-4825-BAE8-5CF06C706A3D}.Debug|Any CPU.Build.0 = Debug|Any CPU
		{E91D5857-D99B-4825-BAE8-5CF06C706A3D}.Debug|x64.ActiveCfg = Debug|x64
		{E91D5857-D99B-4825-BAE8-5CF06C706A3D}.Debug|x64.Build.0 = Debug|x64
		{E91D5857-D99B-4825-BAE8-5CF06C706A3D}.Debug|x86.ActiveCfg = Debug|x86
		{E91D5857-D99B-4825-BAE8-5CF06C706A3D}.Debug|x86.Build.0 = Debug|x86
		{E91D5857-D99B-4825-BAE8-5CF06C706A3D}.Release|Any CPU.ActiveCfg = Release|Any CPU
		{E91D5857-D99B-4825-BAE8-5CF06C706A3D}.Release|Any CPU.Build.0 = Release|Any CPU
		{E91D5857-D99B-4825-BAE8-5CF06C706A3D}.Release|x64.ActiveCfg = Release|x64
		{E91D5857-D99B-4825-BAE8-5CF06C706A3D}.Release|x64.Build.0 = Release|x64
		{E91D5857-D99B-4825-BAE8-5CF06C706A3D}.Release|x86.ActiveCfg = Release|x86
		{E91D5857-D99B-4825-BAE8-5CF06C706A3D}.Release|x86.Build.0 = Release|x86
		{23795B42-1130-4326-A25F-F49D5E6550BE}.Debug|Any CPU.ActiveCfg = Debug|Any CPU
		{23795B42-1130-4326-A25F-F49D5E6550BE}.Debug|Any CPU.Build.0 = Debug|Any CPU
		{23795B42-1130-4326-A25F-F49D5E6550BE}.Debug|x64.ActiveCfg = Debug|x64
		{23795B42-1130-4326-A25F-F49D5E6550BE}.Debug|x64.Build.0 = Debug|x64
		{23795B42-1130-4326-A25F-F49D5E6550BE}.Debug|x86.ActiveCfg = Debug|x86
		{23795B42-1130-4326-A25F-F49D5E6550BE}.Debug|x86.Build.0 = Debug|x86
		{23795B42-1130-4326-A25F-F49D5E6550BE}.Release|Any CPU.ActiveCfg = Release|Any CPU
		{23795B42-1130-4326-A25F-F49D5E6550BE}.Release|Any CPU.Build.0 = Release|Any CPU
		{23795B42-1130-4326-A25F-F49D5E6550BE}.Release|x64.ActiveCfg = Release|x64
		{23795B42-1130-4326-A25F-F49D5E6550BE}.Release|x64.Build.0 = Release|x64
		{23795B42-1130-4326-A25F-F49D5E6550BE}.Release|x86.ActiveCfg = Release|x86
		{23795B42-1130-4326-A25F-F49D5E6550BE}.Release|x86.Build.0 = Release|x86
		{6F06E7E7-F34C-4E09-B689-336E96DD9EAF}.Debug|Any CPU.ActiveCfg = Debug|Any CPU
		{6F06E7E7-F34C-4E09-B689-336E96DD9EAF}.Debug|Any CPU.Build.0 = Debug|Any CPU
		{6F06E7E7-F34C-4E09-B689-336E96DD9EAF}.Debug|x64.ActiveCfg = Debug|x64
		{6F06E7E7-F34C-4E09-B689-336E96DD9EAF}.Debug|x64.Build.0 = Debug|x64
		{6F06E7E7-F34C-4E09-B689-336E96DD9EAF}.Debug|x86.ActiveCfg = Debug|x86
		{6F06E7E7-F34C-4E09-B689-336E96DD9EAF}.Debug|x86.Build.0 = Debug|x86
		{6F06E7E7-F34C-4E09-B689-336E96DD9EAF}.Release|Any CPU.ActiveCfg = Release|Any CPU
		{6F06E7E7-F34C-4E09-B689-336E96DD9EAF}.Release|Any CPU.Build.0 = Release|Any CPU
		{6F06E7E7-F34C-4E09-B689-336E96DD9EAF}.Release|x64.ActiveCfg = Release|x64
		{6F06E7E7-F34C-4E09-B689-336E96DD9EAF}.Release|x64.Build.0 = Release|x64
		{6F06E7E7-F34C-4E09-B689-336E96DD9EAF}.Release|x86.ActiveCfg = Release|x86
		{6F06E7E7-F34C-4E09-B689-336E96DD9EAF}.Release|x86.Build.0 = Release|x86
		{A4D03F2F-AA13-413B-B064-EA68B3B6CE5E}.Debug|Any CPU.ActiveCfg = Debug|Any CPU
		{A4D03F2F-AA13-413B-B064-EA68B3B6CE5E}.Debug|Any CPU.Build.0 = Debug|Any CPU
		{A4D03F2F-AA13-413B-B064-EA68B3B6CE5E}.Debug|x64.ActiveCfg = Debug|x64
		{A4D03F2F-AA13-413B-B064-EA68B3B6CE5E}.Debug|x64.Build.0 = Debug|x64
		{A4D03F2F-AA13-413B-B064-EA68B3B6CE5E}.Debug|x86.ActiveCfg = Debug|x86
		{A4D03F2F-AA13-413B-B064-EA68B3B6CE5E}.Debug|x86.Build.0 = Debug|x86
		{A4D03F2F-AA13-413B-B064-EA68B3B6CE5E}.Release|Any CPU.ActiveCfg = Release|Any CPU
		{A4D03F2F-AA13-413B-B064-EA68B3B6CE5E}.Release|Any CPU.Build.0 = Release|Any CPU
		{A4D03F2F-AA13-413B-B064-EA68B3B6CE5E}.Release|x64.ActiveCfg = Release|x64
		{A4D03F2F-AA13-413B-B064-EA68B3B6CE5E}.Release|x64.Build.0 = Release|x64
		{A4D03F2F-AA13-413B-B064-EA68B3B6CE5E}.Release|x86.ActiveCfg = Release|x86
		{A4D03F2F-AA13-413B-B064-EA68B3B6CE5E}.Release|x86.Build.0 = Release|x86
		{E7AC393B-F334-41B8-B734-83DF821FD623}.Debug|Any CPU.ActiveCfg = Debug|Any CPU
		{E7AC393B-F334-41B8-B734-83DF821FD623}.Debug|Any CPU.Build.0 = Debug|Any CPU
		{E7AC393B-F334-41B8-B734-83DF821FD623}.Debug|x64.ActiveCfg = Debug|x64
		{E7AC393B-F334-41B8-B734-83DF821FD623}.Debug|x64.Build.0 = Debug|x64
		{E7AC393B-F334-41B8-B734-83DF821FD623}.Debug|x86.ActiveCfg = Debug|x86
		{E7AC393B-F334-41B8-B734-83DF821FD623}.Debug|x86.Build.0 = Debug|x86
		{E7AC393B-F334-41B8-B734-83DF821FD623}.Release|Any CPU.ActiveCfg = Release|Any CPU
		{E7AC393B-F334-41B8-B734-83DF821FD623}.Release|Any CPU.Build.0 = Release|Any CPU
		{E7AC393B-F334-41B8-B734-83DF821FD623}.Release|x64.ActiveCfg = Release|x64
		{E7AC393B-F334-41B8-B734-83DF821FD623}.Release|x64.Build.0 = Release|x64
		{E7AC393B-F334-41B8-B734-83DF821FD623}.Release|x86.ActiveCfg = Release|x86
		{E7AC393B-F334-41B8-B734-83DF821FD623}.Release|x86.Build.0 = Release|x86
		{82B06369-D0DE-45F1-837F-804230808F41}.Debug|Any CPU.ActiveCfg = Debug|Any CPU
		{82B06369-D0DE-45F1-837F-804230808F41}.Debug|Any CPU.Build.0 = Debug|Any CPU
		{82B06369-D0DE-45F1-837F-804230808F41}.Debug|x64.ActiveCfg = Debug|x64
		{82B06369-D0DE-45F1-837F-804230808F41}.Debug|x64.Build.0 = Debug|x64
		{82B06369-D0DE-45F1-837F-804230808F41}.Debug|x86.ActiveCfg = Debug|x86
		{82B06369-D0DE-45F1-837F-804230808F41}.Debug|x86.Build.0 = Debug|x86
		{82B06369-D0DE-45F1-837F-804230808F41}.Release|Any CPU.ActiveCfg = Release|Any CPU
		{82B06369-D0DE-45F1-837F-804230808F41}.Release|Any CPU.Build.0 = Release|Any CPU
		{82B06369-D0DE-45F1-837F-804230808F41}.Release|x64.ActiveCfg = Release|x64
		{82B06369-D0DE-45F1-837F-804230808F41}.Release|x64.Build.0 = Release|x64
		{82B06369-D0DE-45F1-837F-804230808F41}.Release|x86.ActiveCfg = Release|x86
		{82B06369-D0DE-45F1-837F-804230808F41}.Release|x86.Build.0 = Release|x86
		{1AA57433-294D-4618-A39C-14EDF1F7F136}.Debug|Any CPU.ActiveCfg = Debug|Any CPU
		{1AA57433-294D-4618-A39C-14EDF1F7F136}.Debug|Any CPU.Build.0 = Debug|Any CPU
		{1AA57433-294D-4618-A39C-14EDF1F7F136}.Debug|x64.ActiveCfg = Debug|x64
		{1AA57433-294D-4618-A39C-14EDF1F7F136}.Debug|x64.Build.0 = Debug|x64
		{1AA57433-294D-4618-A39C-14EDF1F7F136}.Debug|x86.ActiveCfg = Debug|x86
		{1AA57433-294D-4618-A39C-14EDF1F7F136}.Debug|x86.Build.0 = Debug|x86
		{1AA57433-294D-4618-A39C-14EDF1F7F136}.Release|Any CPU.ActiveCfg = Release|Any CPU
		{1AA57433-294D-4618-A39C-14EDF1F7F136}.Release|Any CPU.Build.0 = Release|Any CPU
		{1AA57433-294D-4618-A39C-14EDF1F7F136}.Release|x64.ActiveCfg = Release|x64
		{1AA57433-294D-4618-A39C-14EDF1F7F136}.Release|x64.Build.0 = Release|x64
		{1AA57433-294D-4618-A39C-14EDF1F7F136}.Release|x86.ActiveCfg = Release|x86
		{1AA57433-294D-4618-A39C-14EDF1F7F136}.Release|x86.Build.0 = Release|x86
		{C6F66F18-D8AE-4005-B4A2-9FA05A953417}.Debug|Any CPU.ActiveCfg = Debug|Any CPU
		{C6F66F18-D8AE-4005-B4A2-9FA05A953417}.Debug|Any CPU.Build.0 = Debug|Any CPU
		{C6F66F18-D8AE-4005-B4A2-9FA05A953417}.Debug|x64.ActiveCfg = Debug|Any CPU
		{C6F66F18-D8AE-4005-B4A2-9FA05A953417}.Debug|x64.Build.0 = Debug|Any CPU
		{C6F66F18-D8AE-4005-B4A2-9FA05A953417}.Debug|x86.ActiveCfg = Debug|Any CPU
		{C6F66F18-D8AE-4005-B4A2-9FA05A953417}.Debug|x86.Build.0 = Debug|Any CPU
		{C6F66F18-D8AE-4005-B4A2-9FA05A953417}.Release|Any CPU.ActiveCfg = Release|Any CPU
		{C6F66F18-D8AE-4005-B4A2-9FA05A953417}.Release|Any CPU.Build.0 = Release|Any CPU
		{C6F66F18-D8AE-4005-B4A2-9FA05A953417}.Release|x64.ActiveCfg = Release|Any CPU
		{C6F66F18-D8AE-4005-B4A2-9FA05A953417}.Release|x64.Build.0 = Release|Any CPU
		{C6F66F18-D8AE-4005-B4A2-9FA05A953417}.Release|x86.ActiveCfg = Release|Any CPU
		{C6F66F18-D8AE-4005-B4A2-9FA05A953417}.Release|x86.Build.0 = Release|Any CPU
		{239B2CFB-E80C-4EBF-818D-7CA71973ADB9}.Debug|Any CPU.ActiveCfg = Debug|Any CPU
		{239B2CFB-E80C-4EBF-818D-7CA71973ADB9}.Debug|Any CPU.Build.0 = Debug|Any CPU
		{239B2CFB-E80C-4EBF-818D-7CA71973ADB9}.Debug|x64.ActiveCfg = Debug|x64
		{239B2CFB-E80C-4EBF-818D-7CA71973ADB9}.Debug|x64.Build.0 = Debug|x64
		{239B2CFB-E80C-4EBF-818D-7CA71973ADB9}.Debug|x86.ActiveCfg = Debug|x86
		{239B2CFB-E80C-4EBF-818D-7CA71973ADB9}.Debug|x86.Build.0 = Debug|x86
		{239B2CFB-E80C-4EBF-818D-7CA71973ADB9}.Release|Any CPU.ActiveCfg = Release|Any CPU
		{239B2CFB-E80C-4EBF-818D-7CA71973ADB9}.Release|Any CPU.Build.0 = Release|Any CPU
		{239B2CFB-E80C-4EBF-818D-7CA71973ADB9}.Release|x64.ActiveCfg = Release|x64
		{239B2CFB-E80C-4EBF-818D-7CA71973ADB9}.Release|x64.Build.0 = Release|x64
		{239B2CFB-E80C-4EBF-818D-7CA71973ADB9}.Release|x86.ActiveCfg = Release|x86
		{239B2CFB-E80C-4EBF-818D-7CA71973ADB9}.Release|x86.Build.0 = Release|x86
		{7454E4B3-5D3D-4BC2-BA50-B3BB1A382099}.Debug|Any CPU.ActiveCfg = Debug|Any CPU
		{7454E4B3-5D3D-4BC2-BA50-B3BB1A382099}.Debug|Any CPU.Build.0 = Debug|Any CPU
		{7454E4B3-5D3D-4BC2-BA50-B3BB1A382099}.Debug|x64.ActiveCfg = Debug|Any CPU
		{7454E4B3-5D3D-4BC2-BA50-B3BB1A382099}.Debug|x64.Build.0 = Debug|Any CPU
		{7454E4B3-5D3D-4BC2-BA50-B3BB1A382099}.Debug|x86.ActiveCfg = Debug|Any CPU
		{7454E4B3-5D3D-4BC2-BA50-B3BB1A382099}.Debug|x86.Build.0 = Debug|Any CPU
		{7454E4B3-5D3D-4BC2-BA50-B3BB1A382099}.Release|Any CPU.ActiveCfg = Release|Any CPU
		{7454E4B3-5D3D-4BC2-BA50-B3BB1A382099}.Release|Any CPU.Build.0 = Release|Any CPU
		{7454E4B3-5D3D-4BC2-BA50-B3BB1A382099}.Release|x64.ActiveCfg = Release|Any CPU
		{7454E4B3-5D3D-4BC2-BA50-B3BB1A382099}.Release|x64.Build.0 = Release|Any CPU
		{7454E4B3-5D3D-4BC2-BA50-B3BB1A382099}.Release|x86.ActiveCfg = Release|Any CPU
		{7454E4B3-5D3D-4BC2-BA50-B3BB1A382099}.Release|x86.Build.0 = Release|Any CPU
		{4B016A86-6E5E-4B0C-9E4E-428E7FD650F8}.Debug|Any CPU.ActiveCfg = Debug|Any CPU
		{4B016A86-6E5E-4B0C-9E4E-428E7FD650F8}.Debug|Any CPU.Build.0 = Debug|Any CPU
		{4B016A86-6E5E-4B0C-9E4E-428E7FD650F8}.Debug|x64.ActiveCfg = Debug|Any CPU
		{4B016A86-6E5E-4B0C-9E4E-428E7FD650F8}.Debug|x64.Build.0 = Debug|Any CPU
		{4B016A86-6E5E-4B0C-9E4E-428E7FD650F8}.Debug|x86.ActiveCfg = Debug|Any CPU
		{4B016A86-6E5E-4B0C-9E4E-428E7FD650F8}.Debug|x86.Build.0 = Debug|Any CPU
		{4B016A86-6E5E-4B0C-9E4E-428E7FD650F8}.Release|Any CPU.ActiveCfg = Release|Any CPU
		{4B016A86-6E5E-4B0C-9E4E-428E7FD650F8}.Release|Any CPU.Build.0 = Release|Any CPU
		{4B016A86-6E5E-4B0C-9E4E-428E7FD650F8}.Release|x64.ActiveCfg = Release|Any CPU
		{4B016A86-6E5E-4B0C-9E4E-428E7FD650F8}.Release|x64.Build.0 = Release|Any CPU
		{4B016A86-6E5E-4B0C-9E4E-428E7FD650F8}.Release|x86.ActiveCfg = Release|Any CPU
		{4B016A86-6E5E-4B0C-9E4E-428E7FD650F8}.Release|x86.Build.0 = Release|Any CPU
	EndGlobalSection
	GlobalSection(SolutionProperties) = preSolution
		HideSolutionNode = FALSE
	EndGlobalSection
	GlobalSection(NestedProjects) = preSolution
		{9CE7C93B-5368-416B-BF14-ED237F813F14} = {C892D39F-625C-4B11-B6B9-B2CE83997178}
		{E91D5857-D99B-4825-BAE8-5CF06C706A3D} = {C892D39F-625C-4B11-B6B9-B2CE83997178}
		{6F06E7E7-F34C-4E09-B689-336E96DD9EAF} = {3FCE05E5-DFFF-4D5A-A6BE-2036B7D0365F}
		{A4D03F2F-AA13-413B-B064-EA68B3B6CE5E} = {3FCE05E5-DFFF-4D5A-A6BE-2036B7D0365F}
		{E7AC393B-F334-41B8-B734-83DF821FD623} = {3FCE05E5-DFFF-4D5A-A6BE-2036B7D0365F}
		{82B06369-D0DE-45F1-837F-804230808F41} = {3FCE05E5-DFFF-4D5A-A6BE-2036B7D0365F}
		{1AA57433-294D-4618-A39C-14EDF1F7F136} = {3FCE05E5-DFFF-4D5A-A6BE-2036B7D0365F}
		{C6F66F18-D8AE-4005-B4A2-9FA05A953417} = {C892D39F-625C-4B11-B6B9-B2CE83997178}
		{239B2CFB-E80C-4EBF-818D-7CA71973ADB9} = {662E98C8-E86E-4BF1-B847-04DE2358697B}
		{7454E4B3-5D3D-4BC2-BA50-B3BB1A382099} = {C892D39F-625C-4B11-B6B9-B2CE83997178}
		{4B016A86-6E5E-4B0C-9E4E-428E7FD650F8} = {662E98C8-E86E-4BF1-B847-04DE2358697B}
	EndGlobalSection
	GlobalSection(ExtensibilityGlobals) = postSolution
		SolutionGuid = {9746469A-2EEC-4AFD-A395-83A538B2C08F}
	EndGlobalSection
EndGlobal
